github.com/brenley/hugo-mounts-remote-source v0.0.0-20210410233738-1acd9d92f26c h1:PW7AJMkCiJxkZHCW11+DXW9Z7PQ7YqPrHca1bqIDLNg=
github.com/brenley/hugo-mounts-remote-source v0.0.0-20210410233738-1acd9d92f26c/go.mod h1:0D3SIn1kStSk6OZe/hew2W276liOV62sxNBTp76e7Wo=
github.com/spf13/hyde v1.1.0 h1:ZKOakmybNrsaUQCZsf/XwwGIp6NHjUuU3klBgVuoees=
github.com/spf13/hyde v1.1.0/go.mod h1:CSmLWCbXXInaA5zAkwAQ0EbwpR7Pe74eSmDxdGspoCY=
